
Microsoft Visual Studio Solution File, Format Version 12.00
# Visual Studio Version 17
VisualStudioVersion = 17.0.31903.59
MinimumVisualStudioVersion = 10.0.40219.1
Project("{2150E333-8FDC-42A3-9474-1A3956D46DE8}") = "src", "src", "{827E0CD3-B72D-47B6-A68D-7590B98EB39B}"
EndProject
Project("{2150E333-8FDC-42A3-9474-1A3956D46DE8}") = "Domain", "Domain", "{8B290487-4C16-E85E-E807-F579CBE9FC4D}"
EndProject
Project("{FAE04EC0-301F-11D3-BF4B-00C04F79EFBC}") = "WindowsTrayTasks.Domain", "src\Domain\WindowsTrayTasks.Domain.csproj", "{FEB7F79F-FEE8-4395-A908-15ED4569BEAB}"
EndProject
Project("{FAE04EC0-301F-11D3-BF4B-00C04F79EFBC}") = "WindowsTrayTasks.Infrastructure", "src\Infrastructure\WindowsTrayTasks.Infrastructure.csproj", "{8C0FECCC-1434-41B0-91C6-C04B6CE6560B}"
EndProject
Project("{FAE04EC0-301F-11D3-BF4B-00C04F79EFBC}") = "WindowsTrayTasks.App", "src\App\WindowsTrayTasks.App.csproj", "{1B83B359-D431-407A-BEF4-C0B4D55288F6}"
EndProject
Project("{FAE04EC0-301F-11D3-BF4B-00C04F79EFBC}") = "WindowsTrayTasks.TestSupport", "tests\TestSupport\WindowsTrayTasks.TestSupport.csproj", "{64130BDD-11C1-463F-B90A-FAE9FFA1FAA7}"
EndProject
Project("{FAE04EC0-301F-11D3-BF4B-00C04F79EFBC}") = "WindowsTrayTasks.Domain.Tests", "tests\Domain.Tests\WindowsTrayTasks.Domain.Tests.csproj", "{6FF7FEE6-12CC-41E6-81FA-74FBC9A87B55}"
EndProject
Project("{FAE04EC0-301F-11D3-BF4B-00C04F79EFBC}") = "WindowsTrayTasks.Infrastructure.Tests", "tests\Infrastructure.Tests\WindowsTrayTasks.Infrastructure.Tests.csproj", "{5A00BA74-8894-482A-BAFA-7DEB3B9EABB7}"
EndProject
Global
	GlobalSection(SolutionConfigurationPlatforms) = preSolution
		Debug|Any CPU = Debug|Any CPU
		Debug|x64 = Debug|x64
		Debug|x86 = Debug|x86
		Release|Any CPU = Release|Any CPU
		Release|x64 = Release|x64
		Release|x86 = Release|x86
	EndGlobalSection
	GlobalSection(ProjectConfigurationPlatforms) = postSolution
		{FEB7F79F-FEE8-4395-A908-15ED4569BEAB}.Debug|Any CPU.ActiveCfg = Debug|Any CPU
		{FEB7F79F-FEE8-4395-A908-15ED4569BEAB}.Debug|Any CPU.Build.0 = Debug|Any CPU
		{FEB7F79F-FEE8-4395-A908-15ED4569BEAB}.Debug|x64.ActiveCfg = Debug|Any CPU
		{FEB7F79F-FEE8-4395-A908-15ED4569BEAB}.Debug|x64.Build.0 = Debug|Any CPU
		{FEB7F79F-FEE8-4395-A908-15ED4569BEAB}.Debug|x86.ActiveCfg = Debug|Any CPU
		{FEB7F79F-FEE8-4395-A908-15ED4569BEAB}.Debug|x86.Build.0 = Debug|Any CPU
		{FEB7F79F-FEE8-4395-A908-15ED4569BEAB}.Release|Any CPU.ActiveCfg = Release|Any CPU
		{FEB7F79F-FEE8-4395-A908-15ED4569BEAB}.Release|Any CPU.Build.0 = Release|Any CPU
		{FEB7F79F-FEE8-4395-A908-15ED4569BEAB}.Release|x64.ActiveCfg = Release|Any CPU
		{FEB7F79F-FEE8-4395-A908-15ED4569BEAB}.Release|x64.Build.0 = Release|Any CPU
		{FEB7F79F-FEE8-4395-A908-15ED4569BEAB}.Release|x86.ActiveCfg = Release|Any CPU
		{FEB7F79F-FEE8-4395-A908-15ED4569BEAB}.Release|x86.Build.0 = Release|Any CPU
		{8C0FECCC-1434-41B0-91C6-C04B6CE6560B}.Debug|Any CPU.ActiveCfg = Debug|Any CPU
		{8C0FECCC-1434-41B0-91C6-C04B6CE6560B}.Debug|Any CPU.Build.0 = Debug|Any CPU
		{8C0FECCC-1434-41B0-91C6-C04B6CE6560B}.Debug|x64.ActiveCfg = Debug|Any CPU
		{8C0FECCC-1434-41B0-91C6-C04B6CE6560B}.Debug|x64.Build.0 = Debug|Any CPU
		{8C0FECCC-1434-41B0-91C6-C04B6CE6560B}.Debug|x86.ActiveCfg = Debug|Any CPU
		{8C0FECCC-1434-41B0-91C6-C04B6CE6560B}.Debug|x86.Build.0 = Debug|Any CPU
		{8C0FECCC-1434-41B0-91C6-C04B6CE6560B}.Release|Any CPU.ActiveCfg = Release|Any CPU
		{8C0FECCC-1434-41B0-91C6-C04B6CE6560B}.Release|Any CPU.Build.0 = Release|Any CPU
		{8C0FECCC-1434-41B0-91C6-C04B6CE6560B}.Release|x64.ActiveCfg = Release|Any CPU
		{8C0FECCC-1434-41B0-91C6-C04B6CE6560B}.Release|x64.Build.0 = Release|Any CPU
		{8C0FECCC-1434-41B0-91C6-C04B6CE6560B}.Release|x86.ActiveCfg = Release|Any CPU
		{8C0FECCC-1434-41B0-91C6-C04B6CE6560B}.Release|x86.Build.0 = Release|Any CPU
		{1B83B359-D431-407A-BEF4-C0B4D55288F6}.Debug|Any CPU.ActiveCfg = Debug|Any CPU
		{1B83B359-D431-407A-BEF4-C0B4D55288F6}.Debug|Any CPU.Build.0 = Debug|Any CPU
		{1B83B359-D431-407A-BEF4-C0B4D55288F6}.Debug|x64.ActiveCfg = Debug|Any CPU
		{1B83B359-D431-407A-BEF4-C0B4D55288F6}.Debug|x64.Build.0 = Debug|Any CPU
		{1B83B359-D431-407A-BEF4-C0B4D55288F6}.Debug|x86.ActiveCfg = Debug|Any CPU
		{1B83B359-D431-407A-BEF4-C0B4D55288F6}.Debug|x86.Build.0 = Debug|Any CPU
		{1B83B359-D431-407A-BEF4-C0B4D55288F6}.Release|Any CPU.ActiveCfg = Release|Any CPU
		{1B83B359-D431-407A-BEF4-C0B4D55288F6}.Release|Any CPU.Build.0 = Release|Any CPU
		{1B83B359-D431-407A-BEF4-C0B4D55288F6}.Release|x64.ActiveCfg = Release|Any CPU
		{1B83B359-D431-407A-BEF4-C0B4D55288F6}.Release|x64.Build.0 = Release|Any CPU
		{1B83B359-D431-407A-BEF4-C0B4D55288F6}.Release|x86.ActiveCfg = Release|Any CPU
		{1B83B359-D431-407A-BEF4-C0B4D55288F6}.Release|x86.Build.0 = Release|Any CPU
		{64130BDD-11C1-463F-B90A-FAE9FFA1FAA7}.Debug|Any CPU.ActiveCfg = Debug|Any CPU
		{64130BDD-11C1-463F-B90A-FAE9FFA1FAA7}.Debug|Any CPU.Build.0 = Debug|Any CPU
		{64130BDD-11C1-463F-B90A-FAE9FFA1FAA7}.Debug|x64.ActiveCfg = Debug|Any CPU
		{64130BDD-11C1-463F-B90A-FAE9FFA1FAA7}.Debug|x64.Build.0 = Debug|Any CPU
		{64130BDD-11C1-463F-B90A-FAE9FFA1FAA7}.Debug|x86.ActiveCfg = Debug|Any CPU
		{64130BDD-11C1-463F-B90A-FAE9FFA1FAA7}.Debug|x86.Build.0 = Debug|Any CPU
		{64130BDD-11C1-463F-B90A-FAE9FFA1FAA7}.Release|Any CPU.ActiveCfg = Release|Any CPU
		{64130BDD-11C1-463F-B90A-FAE9FFA1FAA7}.Release|Any CPU.Build.0 = Release|Any CPU
		{64130BDD-11C1-463F-B90A-FAE9FFA1FAA7}.Release|x64.ActiveCfg = Release|Any CPU
		{64130BDD-11C1-463F-B90A-FAE9FFA1FAA7}.Release|x64.Build.0 = Release|Any CPU
		{64130BDD-11C1-463F-B90A-FAE9FFA1FAA7}.Release|x86.ActiveCfg = Release|Any CPU
		{64130BDD-11C1-463F-B90A-FAE9FFA1FAA7}.Release|x86.Build.0 = Release|Any CPU
		{6FF7FEE6-12CC-41E6-81FA-74FBC9A87B55}.Debug|Any CPU.ActiveCfg = Debug|Any CPU
		{6FF7FEE6-12CC-41E6-81FA-74FBC9A87B55}.Debug|Any CPU.Build.0 = Debug|Any CPU
		{6FF7FEE6-12CC-41E6-81FA-74FBC9A87B55}.Debug|x64.ActiveCfg = Debug|Any CPU
		{6FF7FEE6-12CC-41E6-81FA-74FBC9A87B55}.Debug|x64.Build.0 = Debug|Any CPU
		{6FF7FEE6-12CC-41E6-81FA-74FBC9A87B55}.Debug|x86.ActiveCfg = Debug|Any CPU
		{6FF7FEE6-12CC-41E6-81FA-74FBC9A87B55}.Debug|x86.Build.0 = Debug|Any CPU
		{6FF7FEE6-12CC-41E6-81FA-74FBC9A87B55}.Release|Any CPU.ActiveCfg = Release|Any CPU
		{6FF7FEE6-12CC-41E6-81FA-74FBC9A87B55}.Release|Any CPU.Build.0 = Release|Any CPU
		{6FF7FEE6-12CC-41E6-81FA-74FBC9A87B55}.Release|x64.ActiveCfg = Release|Any CPU
		{6FF7FEE6-12CC-41E6-81FA-74FBC9A87B55}.Release|x64.Build.0 = Release|Any CPU
		{6FF7FEE6-12CC-41E6-81FA-74FBC9A87B55}.Release|x86.ActiveCfg = Release|Any CPU
		{6FF7FEE6-12CC-41E6-81FA-74FBC9A87B55}.Release|x86.Build.0 = Release|Any CPU
		{5A00BA74-8894-482A-BAFA-7DEB3B9EABB7}.Debug|Any CPU.ActiveCfg = Debug|Any CPU
		{5A00BA74-8894-482A-BAFA-7DEB3B9EABB7}.Debug|Any CPU.Build.0 = Debug|Any CPU
		{5A00BA74-8894-482A-BAFA-7DEB3B9EABB7}.Debug|x64.ActiveCfg = Debug|Any CPU
		{5A00BA74-8894-482A-BAFA-7DEB3B9EABB7}.Debug|x64.Build.0 = Debug|Any CPU
		{5A00BA74-8894-482A-BAFA-7DEB3B9EABB7}.Debug|x86.ActiveCfg = Debug|Any CPU
		{5A00BA74-8894-482A-BAFA-7DEB3B9EABB7}.Debug|x86.Build.0 = Debug|Any CPU
		{5A00BA74-8894-482A-BAFA-7DEB3B9EABB7}.Release|Any CPU.ActiveCfg = Release|Any CPU
		{5A00BA74-8894-482A-BAFA-7DEB3B9EABB7}.Release|Any CPU.Build.0 = Release|Any CPU
		{5A00BA74-8894-482A-BAFA-7DEB3B9EABB7}.Release|x64.ActiveCfg = Release|Any CPU
		{5A00BA74-8894-482A-BAFA-7DEB3B9EABB7}.Release|x64.Build.0 = Release|Any CPU
		{5A00BA74-8894-482A-BAFA-7DEB3B9EABB7}.Release|x86.ActiveCfg = Release|Any CPU
		{5A00BA74-8894-482A-BAFA-7DEB3B9EABB7}.Release|x86.Build.0 = Release|Any CPU
	EndGlobalSection
	GlobalSection(SolutionProperties) = preSolution
		HideSolutionNode = FALSE
	EndGlobalSection
	GlobalSection(NestedProjects) = preSolution
		{8B290487-4C16-E85E-E807-F579CBE9FC4D} = {827E0CD3-B72D-47B6-A68D-7590B98EB39B}
		{FEB7F79F-FEE8-4395-A908-15ED4569BEAB} = {8B290487-4C16-E85E-E807-F579CBE9FC4D}
		{8C0FECCC-1434-41B0-91C6-C04B6CE6560B} = {8B290487-4C16-E85E-E807-F579CBE9FC4D}
		{1B83B359-D431-407A-BEF4-C0B4D55288F6} = {8B290487-4C16-E85E-E807-F579CBE9FC4D}
		{64130BDD-11C1-463F-B90A-FAE9FFA1FAA7} = {8B290487-4C16-E85E-E807-F579CBE9FC4D}
		{6FF7FEE6-12CC-41E6-81FA-74FBC9A87B55} = {8B290487-4C16-E85E-E807-F579CBE9FC4D}
		{5A00BA74-8894-482A-BAFA-7DEB3B9EABB7} = {8B290487-4C16-E85E-E807-F579CBE9FC4D}
	EndGlobalSection
EndGlobal
